// !$*UTF8*$!
{
	archiveVersion = 1;
	classes = {
	};
	objectVersion = 46;
	objects = {

/* Begin PBXBuildFile section */
		496EA089EFFCEEF698589AE3 /* Pods_example.framework in Frameworks */ = {isa = PBXBuildFile; fileRef = F660FDBBA8F516E89EDA37C5 /* Pods_example.framework */; };
		D21EF5111E80AA9400E61A7D /* AppDelegate.swift in Sources */ = {isa = PBXBuildFile; fileRef = D21EF5101E80AA9400E61A7D /* AppDelegate.swift */; };
		D21EF5131E80AA9400E61A7D /* ViewController.swift in Sources */ = {isa = PBXBuildFile; fileRef = D21EF5121E80AA9400E61A7D /* ViewController.swift */; };
		D21EF5161E80AA9400E61A7D /* Main.storyboard in Resources */ = {isa = PBXBuildFile; fileRef = D21EF5141E80AA9400E61A7D /* Main.storyboard */; };
		D21EF5181E80AA9400E61A7D /* Assets.xcassets in Resources */ = {isa = PBXBuildFile; fileRef = D21EF5171E80AA9400E61A7D /* Assets.xcassets */; };
		D21EF51B1E80AA9400E61A7D /* LaunchScreen.storyboard in Resources */ = {isa = PBXBuildFile; fileRef = D21EF5191E80AA9400E61A7D /* LaunchScreen.storyboard */; };
/* End PBXBuildFile section */

/* Begin PBXFileReference section */
		47DA507B944FF97C6491C3AE /* Pods-example.debug.xcconfig */ = {isa = PBXFileReference; includeInIndex = 1; lastKnownFileType = text.xcconfig; name = "Pods-example.debug.xcconfig"; path = "Pods/Target Support Files/Pods-example/Pods-example.debug.xcconfig"; sourceTree = "<group>"; };
		D21EF50D1E80AA9400E61A7D /* example.app */ = {isa = PBXFileReference; explicitFileType = wrapper.application; includeInIndex = 0; path = example.app; sourceTree = BUILT_PRODUCTS_DIR; };
		D21EF5101E80AA9400E61A7D /* AppDelegate.swift */ = {isa = PBXFileReference; lastKnownFileType = sourcecode.swift; path = AppDelegate.swift; sourceTree = "<group>"; };
		D21EF5121E80AA9400E61A7D /* ViewController.swift */ = {isa = PBXFileReference; lastKnownFileType = sourcecode.swift; path = ViewController.swift; sourceTree = "<group>"; };
		D21EF5151E80AA9400E61A7D /* Base */ = {isa = PBXFileReference; lastKnownFileType = file.storyboard; name = Base; path = Base.lproj/Main.storyboard; sourceTree = "<group>"; };
		D21EF5171E80AA9400E61A7D /* Assets.xcassets */ = {isa = PBXFileReference; lastKnownFileType = folder.assetcatalog; path = Assets.xcassets; sourceTree = "<group>"; };
		D21EF51A1E80AA9400E61A7D /* Base */ = {isa = PBXFileReference; lastKnownFileType = file.storyboard; name = Base; path = Base.lproj/LaunchScreen.storyboard; sourceTree = "<group>"; };
		D21EF51C1E80AA9400E61A7D /* Info.plist */ = {isa = PBXFileReference; lastKnownFileType = text.plist.xml; path = Info.plist; sourceTree = "<group>"; };
		F660FDBBA8F516E89EDA37C5 /* Pods_example.framework */ = {isa = PBXFileReference; explicitFileType = wrapper.framework; includeInIndex = 0; path = Pods_example.framework; sourceTree = BUILT_PRODUCTS_DIR; };
		FBF608CD1864F4C857D162A0 /* Pods-example.release.xcconfig */ = {isa = PBXFileReference; includeInIndex = 1; lastKnownFileType = text.xcconfig; name = "Pods-example.release.xcconfig"; path = "Pods/Target Support Files/Pods-example/Pods-example.release.xcconfig"; sourceTree = "<group>"; };
/* End PBXFileReference section */

/* Begin PBXFrameworksBuildPhase section */
		D21EF50A1E80AA9300E61A7D /* Frameworks */ = {
			isa = PBXFrameworksBuildPhase;
			buildActionMask = 2147483647;
			files = (
				496EA089EFFCEEF698589AE3 /* Pods_example.framework in Frameworks */,
			);
			runOnlyForDeploymentPostprocessing = 0;
		};
/* End PBXFrameworksBuildPhase section */

/* Begin PBXGroup section */
		D21EF5041E80AA9300E61A7D = {
			isa = PBXGroup;
			children = (
				D21EF50F1E80AA9400E61A7D /* example */,
				D21EF50E1E80AA9400E61A7D /* Products */,
				FF54C509B80AB85A11E99B3F /* Pods */,
				FA6DEDA3243CE61D877C1F5D /* Frameworks */,
			);
			sourceTree = "<group>";
		};
		D21EF50E1E80AA9400E61A7D /* Products */ = {
			isa = PBXGroup;
			children = (
				D21EF50D1E80AA9400E61A7D /* example.app */,
			);
			name = Products;
			sourceTree = "<group>";
		};
		D21EF50F1E80AA9400E61A7D /* example */ = {
			isa = PBXGroup;
			children = (
				D21EF5101E80AA9400E61A7D /* AppDelegate.swift */,
				D21EF5121E80AA9400E61A7D /* ViewController.swift */,
				D21EF5141E80AA9400E61A7D /* Main.storyboard */,
				D21EF5171E80AA9400E61A7D /* Assets.xcassets */,
				D21EF5191E80AA9400E61A7D /* LaunchScreen.storyboard */,
				D21EF51C1E80AA9400E61A7D /* Info.plist */,
			);
			path = example;
			sourceTree = "<group>";
		};
		FA6DEDA3243CE61D877C1F5D /* Frameworks */ = {
			isa = PBXGroup;
			children = (
				F660FDBBA8F516E89EDA37C5 /* Pods_example.framework */,
			);
			name = Frameworks;
			sourceTree = "<group>";
		};
		FF54C509B80AB85A11E99B3F /* Pods */ = {
			isa = PBXGroup;
			children = (
				47DA507B944FF97C6491C3AE /* Pods-example.debug.xcconfig */,
				FBF608CD1864F4C857D162A0 /* Pods-example.release.xcconfig */,
			);
			name = Pods;
			sourceTree = "<group>";
		};
/* End PBXGroup section */

/* Begin PBXNativeTarget section */
		D21EF50C1E80AA9300E61A7D /* example */ = {
			isa = PBXNativeTarget;
			buildConfigurationList = D21EF51F1E80AA9400E61A7D /* Build configuration list for PBXNativeTarget "example" */;
			buildPhases = (
				6B1D4D743566B496C804C28D /* [CP] Check Pods Manifest.lock */,
				D21EF5091E80AA9300E61A7D /* Sources */,
				D21EF50A1E80AA9300E61A7D /* Frameworks */,
				D21EF50B1E80AA9300E61A7D /* Resources */,
				2F2CA5FE207DA4DFB3FD0294 /* [CP] Embed Pods Frameworks */,
				45206FB8E4EBB52EF790F1DC /* [CP] Copy Pods Resources */,
			);
			buildRules = (
			);
			dependencies = (
			);
			name = example;
			productName = example;
			productReference = D21EF50D1E80AA9400E61A7D /* example.app */;
			productType = "com.apple.product-type.application";
		};
/* End PBXNativeTarget section */

/* Begin PBXProject section */
		D21EF5051E80AA9300E61A7D /* Project object */ = {
			isa = PBXProject;
			attributes = {
				LastSwiftUpdateCheck = 0820;
				LastUpgradeCheck = 0820;
				ORGANIZATIONNAME = "Xcode Server";
				TargetAttributes = {
					D21EF50C1E80AA9300E61A7D = {
						CreatedOnToolsVersion = 8.2.1;
						DevelopmentTeam = 3FV9VCGV2H;
						ProvisioningStyle = Automatic;
					};
				};
			};
			buildConfigurationList = D21EF5081E80AA9300E61A7D /* Build configuration list for PBXProject "example" */;
			compatibilityVersion = "Xcode 3.2";
			developmentRegion = English;
			hasScannedForEncodings = 0;
			knownRegions = (
				en,
				Base,
			);
			mainGroup = D21EF5041E80AA9300E61A7D;
			productRefGroup = D21EF50E1E80AA9400E61A7D /* Products */;
			projectDirPath = "";
			projectRoot = "";
			targets = (
				D21EF50C1E80AA9300E61A7D /* example */,
			);
		};
/* End PBXProject section */

/* Begin PBXResourcesBuildPhase section */
		D21EF50B1E80AA9300E61A7D /* Resources */ = {
			isa = PBXResourcesBuildPhase;
			buildActionMask = 2147483647;
			files = (
				D21EF51B1E80AA9400E61A7D /* LaunchScreen.storyboard in Resources */,
				D21EF5181E80AA9400E61A7D /* Assets.xcassets in Resources */,
				D21EF5161E80AA9400E61A7D /* Main.storyboard in Resources */,
			);
			runOnlyForDeploymentPostprocessing = 0;
		};
/* End PBXResourcesBuildPhase section */

/* Begin PBXShellScriptBuildPhase section */
		2F2CA5FE207DA4DFB3FD0294 /* [CP] Embed Pods Frameworks */ = {
			isa = PBXShellScriptBuildPhase;
			buildActionMask = 2147483647;
			files = (
			);
			inputPaths = (
			);
			name = "[CP] Embed Pods Frameworks";
			outputPaths = (
			);
			runOnlyForDeploymentPostprocessing = 0;
			shellPath = /bin/sh;
			shellScript = "\"${SRCROOT}/Pods/Target Support Files/Pods-example/Pods-example-frameworks.sh\"\n";
			showEnvVarsInLog = 0;
		};
		45206FB8E4EBB52EF790F1DC /* [CP] Copy Pods Resources */ = {
			isa = PBXShellScriptBuildPhase;
			buildActionMask = 2147483647;
			files = (
			);
			inputPaths = (
			);
			name = "[CP] Copy Pods Resources";
			outputPaths = (
			);
			runOnlyForDeploymentPostprocessing = 0;
			shellPath = /bin/sh;
			shellScript = "\"${SRCROOT}/Pods/Target Support Files/Pods-example/Pods-example-resources.sh\"\n";
			showEnvVarsInLog = 0;
		};
		6B1D4D743566B496C804C28D /* [CP] Check Pods Manifest.lock */ = {
			isa = PBXShellScriptBuildPhase;
			buildActionMask = 2147483647;
			files = (
			);
			inputPaths = (
			);
			name = "[CP] Check Pods Manifest.lock";
			outputPaths = (
			);
			runOnlyForDeploymentPostprocessing = 0;
			shellPath = /bin/sh;
			shellScript = "diff \"${PODS_ROOT}/../Podfile.lock\" \"${PODS_ROOT}/Manifest.lock\" > /dev/null\nif [[ $? != 0 ]] ; then\n    cat << EOM\nerror: The sandbox is not in sync with the Podfile.lock. Run 'pod install' or update your CocoaPods installation.\nEOM\n    exit 1\nfi\n";
			showEnvVarsInLog = 0;
		};
/* End PBXShellScriptBuildPhase section */

/* Begin PBXSourcesBuildPhase section */
		D21EF5091E80AA9300E61A7D /* Sources */ = {
			isa = PBXSourcesBuildPhase;
			buildActionMask = 2147483647;
			files = (
				D21EF5131E80AA9400E61A7D /* ViewController.swift in Sources */,
				D21EF5111E80AA9400E61A7D /* AppDelegate.swift in Sources */,
			);
			runOnlyForDeploymentPostprocessing = 0;
		};
/* End PBXSourcesBuildPhase section */

/* Begin PBXVariantGroup section */
		D21EF5141E80AA9400E61A7D /* Main.storyboard */ = {
			isa = PBXVariantGroup;
			children = (
				D21EF5151E80AA9400E61A7D /* Base */,
			);
			name = Main.storyboard;
			sourceTree = "<group>";
		};
		D21EF5191E80AA9400E61A7D /* LaunchScreen.storyboard */ = {
			isa = PBXVariantGroup;
			children = (
				D21EF51A1E80AA9400E61A7D /* Base */,
			);
			name = LaunchScreen.storyboard;
			sourceTree = "<group>";
		};
/* End PBXVariantGroup section */

/* Begin XCBuildConfiguration section */
		D21EF51D1E80AA9400E61A7D /* Debug */ = {
			isa = XCBuildConfiguration;
			buildSettings = {
				ALWAYS_SEARCH_USER_PATHS = NO;
				CLANG_ANALYZER_NONNULL = YES;
				CLANG_CXX_LANGUAGE_STANDARD = "gnu++0x";
				CLANG_CXX_LIBRARY = "libc++";
				CLANG_ENABLE_MODULES = YES;
				CLANG_ENABLE_OBJC_ARC = YES;
				CLANG_WARN_BOOL_CONVERSION = YES;
				CLANG_WARN_CONSTANT_CONVERSION = YES;
				CLANG_WARN_DIRECT_OBJC_ISA_USAGE = YES_ERROR;
				CLANG_WARN_DOCUMENTATION_COMMENTS = YES;
				CLANG_WARN_EMPTY_BODY = YES;
				CLANG_WARN_ENUM_CONVERSION = YES;
				CLANG_WARN_INFINITE_RECURSION = YES;
				CLANG_WARN_INT_CONVERSION = YES;
				CLANG_WARN_OBJC_ROOT_CLASS = YES_ERROR;
				CLANG_WARN_SUSPICIOUS_MOVE = YES;
				CLANG_WARN_UNREACHABLE_CODE = YES;
				CLANG_WARN__DUPLICATE_METHOD_MATCH = YES;
				"CODE_SIGN_IDENTITY[sdk=iphoneos*]" = "iPhone Developer";
				COPY_PHASE_STRIP = NO;
				DEBUG_INFORMATION_FORMAT = dwarf;
				ENABLE_STRICT_OBJC_MSGSEND = YES;
				ENABLE_TESTABILITY = YES;
				GCC_C_LANGUAGE_STANDARD = gnu99;
				GCC_DYNAMIC_NO_PIC = NO;
				GCC_NO_COMMON_BLOCKS = YES;
				GCC_OPTIMIZATION_LEVEL = 0;
				GCC_PREPROCESSOR_DEFINITIONS = (
					"DEBUG=1",
					"$(inherited)",
				);
				GCC_WARN_64_TO_32_BIT_CONVERSION = YES;
				GCC_WARN_ABOUT_RETURN_TYPE = YES_ERROR;
				GCC_WARN_UNDECLARED_SELECTOR = YES;
				GCC_WARN_UNINITIALIZED_AUTOS = YES_AGGRESSIVE;
				GCC_WARN_UNUSED_FUNCTION = YES;
				GCC_WARN_UNUSED_VARIABLE = YES;
				IPHONEOS_DEPLOYMENT_TARGET = 10.2;
				MTL_ENABLE_DEBUG_INFO = YES;
				ONLY_ACTIVE_ARCH = YES;
				SDKROOT = iphoneos;
				SWIFT_ACTIVE_COMPILATION_CONDITIONS = DEBUG;
				SWIFT_OPTIMIZATION_LEVEL = "-Onone";
				TARGETED_DEVICE_FAMILY = "1,2";
			};
			name = Debug;
		};
		D21EF51E1E80AA9400E61A7D /* Release */ = {
			isa = XCBuildConfiguration;
			buildSettings = {
				ALWAYS_SEARCH_USER_PATHS = NO;
				CLANG_ANALYZER_NONNULL = YES;
				CLANG_CXX_LANGUAGE_STANDARD = "gnu++0x";
				CLANG_CXX_LIBRARY = "libc++";
				CLANG_ENABLE_MODULES = YES;
				CLANG_ENABLE_OBJC_ARC = YES;
				CLANG_WARN_BOOL_CONVERSION = YES;
				CLANG_WARN_CONSTANT_CONVERSION = YES;
				CLANG_WARN_DIRECT_OBJC_ISA_USAGE = YES_ERROR;
				CLANG_WARN_DOCUMENTATION_COMMENTS = YES;
				CLANG_WARN_EMPTY_BODY = YES;
				CLANG_WARN_ENUM_CONVERSION = YES;
				CLANG_WARN_INFINITE_RECURSION = YES;
				CLANG_WARN_INT_CONVERSION = YES;
				CLANG_WARN_OBJC_ROOT_CLASS = YES_ERROR;
				CLANG_WARN_SUSPICIOUS_MOVE = YES;
				CLANG_WARN_UNREACHABLE_CODE = YES;
				CLANG_WARN__DUPLICATE_METHOD_MATCH = YES;
				"CODE_SIGN_IDENTITY[sdk=iphoneos*]" = "iPhone Developer";
				COPY_PHASE_STRIP = NO;
				DEBUG_INFORMATION_FORMAT = "dwarf-with-dsym";
				ENABLE_NS_ASSERTIONS = NO;
				ENABLE_STRICT_OBJC_MSGSEND = YES;
				GCC_C_LANGUAGE_STANDARD = gnu99;
				GCC_NO_COMMON_BLOCKS = YES;
				GCC_WARN_64_TO_32_BIT_CONVERSION = YES;
				GCC_WARN_ABOUT_RETURN_TYPE = YES_ERROR;
				GCC_WARN_UNDECLARED_SELECTOR = YES;
				GCC_WARN_UNINITIALIZED_AUTOS = YES_AGGRESSIVE;
				GCC_WARN_UNUSED_FUNCTION = YES;
				GCC_WARN_UNUSED_VARIABLE = YES;
				IPHONEOS_DEPLOYMENT_TARGET = 10.2;
				MTL_ENABLE_DEBUG_INFO = NO;
				SDKROOT = iphoneos;
				SWIFT_OPTIMIZATION_LEVEL = "-Owholemodule";
				TARGETED_DEVICE_FAMILY = "1,2";
				VALIDATE_PRODUCT = YES;
			};
			name = Release;
		};
		D21EF5201E80AA9400E61A7D /* Debug */ = {
			isa = XCBuildConfiguration;
			baseConfigurationReference = 47DA507B944FF97C6491C3AE /* Pods-example.debug.xcconfig */;
			buildSettings = {
				ASSETCATALOG_COMPILER_APPICON_NAME = AppIcon;
				CODE_SIGN_IDENTITY = "iPhone Developer: Natwar Mehta (6EAM57CR7H)";
				DEVELOPMENT_TEAM = 3FV9VCGV2H;
				ENABLE_BITCODE = NO;
				INFOPLIST_FILE = example/Info.plist;
				IPHONEOS_DEPLOYMENT_TARGET = 8.0;
				LD_RUNPATH_SEARCH_PATHS = "$(inherited) @executable_path/Frameworks";
				PRODUCT_BUNDLE_IDENTIFIER = com.codeapper.example;
				PRODUCT_NAME = "$(TARGET_NAME)";
				SWIFT_VERSION = 3.0;
			};
			name = Debug;
		};
		D21EF5211E80AA9400E61A7D /* Release */ = {
			isa = XCBuildConfiguration;
			baseConfigurationReference = FBF608CD1864F4C857D162A0 /* Pods-example.release.xcconfig */;
			buildSettings = {
				ASSETCATALOG_COMPILER_APPICON_NAME = AppIcon;
				CODE_SIGN_IDENTITY = "iPhone Developer: Natwar Mehta (6EAM57CR7H)";
				DEVELOPMENT_TEAM = 3FV9VCGV2H;
				ENABLE_BITCODE = NO;
				INFOPLIST_FILE = example/Info.plist;
				IPHONEOS_DEPLOYMENT_TARGET = 8.0;
				LD_RUNPATH_SEARCH_PATHS = "$(inherited) @executable_path/Frameworks";
				PRODUCT_BUNDLE_IDENTIFIER = com.codeapper.example;
				PRODUCT_NAME = "$(TARGET_NAME)";
				SWIFT_VERSION = 3.0;
			};
			name = Release;
		};
/* End XCBuildConfiguration section */

/* Begin XCConfigurationList section */
		D21EF5081E80AA9300E61A7D /* Build configuration list for PBXProject "example" */ = {
			isa = XCConfigurationList;
			buildConfigurations = (
				D21EF51D1E80AA9400E61A7D /* Debug */,
				D21EF51E1E80AA9400E61A7D /* Release */,
			);
			defaultConfigurationIsVisible = 0;
			defaultConfigurationName = Release;
		};
		D21EF51F1E80AA9400E61A7D /* Build configuration list for PBXNativeTarget "example" */ = {
			isa = XCConfigurationList;
			buildConfigurations = (
				D21EF5201E80AA9400E61A7D /* Debug */,
				D21EF5211E80AA9400E61A7D /* Release */,
			);
			defaultConfigurationIsVisible = 0;
			defaultConfigurationName = Release;
		};
/* End XCConfigurationList section */
	};
	rootObject = D21EF5051E80AA9300E61A7D /* Project object */;
}
